
Microsoft Visual Studio Solution File, Format Version 12.00
# Visual Studio Version 16
VisualStudioVersion = 16.0.30523.141
MinimumVisualStudioVersion = 10.0.40219.1
Project("{FAE04EC0-301F-11D3-BF4B-00C04F79EFBC}") = "Prb.Properties.WPF", "Prb.Properties.WPF\Prb.Properties.WPF.csproj", "{DE82E687-771C-45AC-9F51-ECCD95EF3E4E}"
EndProject
Project("{FAE04EC0-301F-11D3-BF4B-00C04F79EFBC}") = "Prb.Properties.CORE", "Prb.Properties.CORE\Prb.Properties.CORE.csproj", "{8FEA935A-5092-4D07-BD19-A8E32259C8E7}"
EndProject
Project("{FAE04EC0-301F-11D3-BF4B-00C04F79EFBC}") = "Prb.Properties.CONS", "Prb.Properties.CONS\Prb.Properties.CONS.csproj", "{554DB112-0488-424E-BF8F-FAEAAC389566}"
EndProject
Global
	GlobalSection(SolutionConfigurationPlatforms) = preSolution
		Debug|Any CPU = Debug|Any CPU
		Release|Any CPU = Release|Any CPU
	EndGlobalSection
	GlobalSection(ProjectConfigurationPlatforms) = postSolution
		{DE82E687-771C-45AC-9F51-ECCD95EF3E4E}.Debug|Any CPU.ActiveCfg = Debug|Any CPU
		{DE82E687-771C-45AC-9F51-ECCD95EF3E4E}.Debug|Any CPU.Build.0 = Debug|Any CPU
		{DE82E687-771C-45AC-9F51-ECCD95EF3E4E}.Release|Any CPU.ActiveCfg = Release|Any CPU
		{DE82E687-771C-45AC-9F51-ECCD95EF3E4E}.Release|Any CPU.Build.0 = Release|Any CPU
		{8FEA935A-5092-4D07-BD19-A8E32259C8E7}.Debug|Any CPU.ActiveCfg = Debug|Any CPU
		{8FEA935A-5092-4D07-BD19-A8E32259C8E7}.Debug|Any CPU.Build.0 = Debug|Any CPU
		{8FEA935A-5092-4D07-BD19-A8E32259C8E7}.Release|Any CPU.ActiveCfg = Release|Any CPU
		{8FEA935A-5092-4D07-BD19-A8E32259C8E7}.Release|Any CPU.Build.0 = Release|Any CPU
		{554DB112-0488-424E-BF8F-FAEAAC389566}.Debug|Any CPU.ActiveCfg = Debug|Any CPU
		{554DB112-0488-424E-BF8F-FAEAAC389566}.Debug|Any CPU.Build.0 = Debug|Any CPU
		{554DB112-0488-424E-BF8F-FAEAAC389566}.Release|Any CPU.ActiveCfg = Release|Any CPU
		{554DB112-0488-424E-BF8F-FAEAAC389566}.Release|Any CPU.Build.0 = Release|Any CPU
	EndGlobalSection
	GlobalSection(SolutionProperties) = preSolution
		HideSolutionNode = FALSE
	EndGlobalSection
	GlobalSection(ExtensibilityGlobals) = postSolution
		SolutionGuid = {EA67B286-D85A-4C7F-8BD8-6310CCD94DC0}
	EndGlobalSection
EndGlobal
